
Microsoft Visual Studio Solution File, Format Version 12.00
# Visual Studio Version 17
VisualStudioVersion = 17.8.34525.116
MinimumVisualStudioVersion = 10.0.40219.1
Project("{FAE04EC0-301F-11D3-BF4B-00C04F79EFBC}") = "Me.Shishioko.Msdl", "Me.Shishioko.Msdl\Me.Shishioko.Msdl.csproj", "{976CE2B5-56DD-4FFC-A768-7B31282529C5}"
EndProject
Global
	GlobalSection(SolutionConfigurationPlatforms) = preSolution
		Debug|Any CPU = Debug|Any CPU
		Release|Any CPU = Release|Any CPU
	EndGlobalSection
	GlobalSection(ProjectConfigurationPlatforms) = postSolution
		{976CE2B5-56DD-4FFC-A768-7B31282529C5}.Debug|Any CPU.ActiveCfg = Debug|Any CPU
		{976CE2B5-56DD-4FFC-A768-7B31282529C5}.Debug|Any CPU.Build.0 = Debug|Any CPU
		{976CE2B5-56DD-4FFC-A768-7B31282529C5}.Release|Any CPU.ActiveCfg = Release|Any CPU
		{976CE2B5-56DD-4FFC-A768-7B31282529C5}.Release|Any CPU.Build.0 = Release|Any CPU
	EndGlobalSection
	GlobalSection(SolutionProperties) = preSolution
		HideSolutionNode = FALSE
	EndGlobalSection
	GlobalSection(ExtensibilityGlobals) = postSolution
		SolutionGuid = {E78B18FB-63D1-4DDB-902A-FCF30A0C7338}
	EndGlobalSection
EndGlobal
