
Microsoft Visual Studio Solution File, Format Version 12.00
# Visual Studio Version 17
VisualStudioVersion = 17.8.34525.116
MinimumVisualStudioVersion = 10.0.40219.1
Project("{9A19103F-16F7-4668-BE54-9A1E7A4F7556}") = "Me.Shishioko.Msdl", "Me.Shishioko.Msdl\Me.Shishioko.Msdl.csproj", "{976CE2B5-56DD-4FFC-A768-7B31282529C5}"
EndProject
Project("{9A19103F-16F7-4668-BE54-9A1E7A4F7556}") = "Me.Shishioko.Msdl.Test", "Me.Shishioko.Msdl.Test\Me.Shishioko.Msdl.Test.csproj", "{EF221C9E-118D-4557-8C7C-A3C8DED3313F}"
EndProject
Global
	GlobalSection(SolutionConfigurationPlatforms) = preSolution
		Debug|Any CPU = Debug|Any CPU
		Release|Any CPU = Release|Any CPU
	EndGlobalSection
	GlobalSection(ProjectConfigurationPlatforms) = postSolution
		{976CE2B5-56DD-4FFC-A768-7B31282529C5}.Debug|Any CPU.ActiveCfg = Debug|Any CPU
		{976CE2B5-56DD-4FFC-A768-7B31282529C5}.Debug|Any CPU.Build.0 = Debug|Any CPU
		{976CE2B5-56DD-4FFC-A768-7B31282529C5}.Release|Any CPU.ActiveCfg = Release|Any CPU
		{976CE2B5-56DD-4FFC-A768-7B31282529C5}.Release|Any CPU.Build.0 = Release|Any CPU
		{EF221C9E-118D-4557-8C7C-A3C8DED3313F}.Debug|Any CPU.ActiveCfg = Debug|Any CPU
		{EF221C9E-118D-4557-8C7C-A3C8DED3313F}.Debug|Any CPU.Build.0 = Debug|Any CPU
		{EF221C9E-118D-4557-8C7C-A3C8DED3313F}.Release|Any CPU.ActiveCfg = Release|Any CPU
		{EF221C9E-118D-4557-8C7C-A3C8DED3313F}.Release|Any CPU.Build.0 = Release|Any CPU
	EndGlobalSection
	GlobalSection(SolutionProperties) = preSolution
		HideSolutionNode = FALSE
	EndGlobalSection
	GlobalSection(ExtensibilityGlobals) = postSolution
		SolutionGuid = {E78B18FB-63D1-4DDB-902A-FCF30A0C7338}
	EndGlobalSection
EndGlobal
